// !$*UTF8*$!
{
	archiveVersion = 1;
	classes = {
	};
	objectVersion = 48;
	objects = {

/* Begin PBXBuildFile section */
		905EB8F6208416F3007E1B0F /* AppDelegate.swift in Sources */ = {isa = PBXBuildFile; fileRef = 905EB8F5208416F3007E1B0F /* AppDelegate.swift */; };
		905EB8FB208416F3007E1B0F /* Main.storyboard in Resources */ = {isa = PBXBuildFile; fileRef = 905EB8F9208416F3007E1B0F /* Main.storyboard */; };
		905EB8FD208416F3007E1B0F /* Assets.xcassets in Resources */ = {isa = PBXBuildFile; fileRef = 905EB8FC208416F3007E1B0F /* Assets.xcassets */; };
		905EB90B208416F3007E1B0F /* ShopSyncTests.swift in Sources */ = {isa = PBXBuildFile; fileRef = 905EB90A208416F3007E1B0F /* ShopSyncTests.swift */; };
		905EB916208416F3007E1B0F /* ShopSyncUITests.swift in Sources */ = {isa = PBXBuildFile; fileRef = 905EB915208416F3007E1B0F /* ShopSyncUITests.swift */; };
		905EB92520841743007E1B0F /* LogInViewController.swift in Sources */ = {isa = PBXBuildFile; fileRef = 905EB92420841743007E1B0F /* LogInViewController.swift */; };
		905EB92720841753007E1B0F /* SignUpViewController.swift in Sources */ = {isa = PBXBuildFile; fileRef = 905EB92620841753007E1B0F /* SignUpViewController.swift */; };
		905EB92E2084746B007E1B0F /* GroupsTableViewCell.swift in Sources */ = {isa = PBXBuildFile; fileRef = 905EB92D2084746B007E1B0F /* GroupsTableViewCell.swift */; };
		905EB9302084747D007E1B0F /* ListTableViewCell.swift in Sources */ = {isa = PBXBuildFile; fileRef = 905EB92F2084747D007E1B0F /* ListTableViewCell.swift */; };
		905EB9372087110F007E1B0F /* ListTableViewController.swift in Sources */ = {isa = PBXBuildFile; fileRef = 905EB9362087110F007E1B0F /* ListTableViewController.swift */; };
		905EB93920871124007E1B0F /* GroupsTableViewController.swift in Sources */ = {isa = PBXBuildFile; fileRef = 905EB93820871124007E1B0F /* GroupsTableViewController.swift */; };
		905EB93B20871F6C007E1B0F /* NewGroupViewController.swift in Sources */ = {isa = PBXBuildFile; fileRef = 905EB93A20871F6C007E1B0F /* NewGroupViewController.swift */; };
		905EB93D2087B606007E1B0F /* Globals.swift in Sources */ = {isa = PBXBuildFile; fileRef = 905EB93C2087B606007E1B0F /* Globals.swift */; };
		905EB9412087EDC7007E1B0F /* NewItemViewController.swift in Sources */ = {isa = PBXBuildFile; fileRef = 905EB9402087EDC7007E1B0F /* NewItemViewController.swift */; };
		905EB94E2088331D007E1B0F /* checked.png in Resources */ = {isa = PBXBuildFile; fileRef = 905EB94A2088331C007E1B0F /* checked.png */; };
		905EB94F2088331D007E1B0F /* overlay.png in Resources */ = {isa = PBXBuildFile; fileRef = 905EB94B2088331C007E1B0F /* overlay.png */; };
		905EB9502088331D007E1B0F /* close-button.png in Resources */ = {isa = PBXBuildFile; fileRef = 905EB94C2088331C007E1B0F /* close-button.png */; };
		905EB9512088331D007E1B0F /* unchecked.png in Resources */ = {isa = PBXBuildFile; fileRef = 905EB94D2088331D007E1B0F /* unchecked.png */; };
/* End PBXBuildFile section */

/* Begin PBXContainerItemProxy section */
		905EB907208416F3007E1B0F /* PBXContainerItemProxy */ = {
			isa = PBXContainerItemProxy;
			containerPortal = 905EB8EA208416F3007E1B0F /* Project object */;
			proxyType = 1;
			remoteGlobalIDString = 905EB8F1208416F3007E1B0F;
			remoteInfo = ShopSync;
		};
		905EB912208416F3007E1B0F /* PBXContainerItemProxy */ = {
			isa = PBXContainerItemProxy;
			containerPortal = 905EB8EA208416F3007E1B0F /* Project object */;
			proxyType = 1;
			remoteGlobalIDString = 905EB8F1208416F3007E1B0F;
			remoteInfo = ShopSync;
		};
/* End PBXContainerItemProxy section */

/* Begin PBXFileReference section */
		905EB8F2208416F3007E1B0F /* ShopSync.app */ = {isa = PBXFileReference; explicitFileType = wrapper.application; includeInIndex = 0; path = ShopSync.app; sourceTree = BUILT_PRODUCTS_DIR; };
		905EB8F5208416F3007E1B0F /* AppDelegate.swift */ = {isa = PBXFileReference; lastKnownFileType = sourcecode.swift; path = AppDelegate.swift; sourceTree = "<group>"; };
		905EB8FA208416F3007E1B0F /* Base */ = {isa = PBXFileReference; lastKnownFileType = file.storyboard; name = Base; path = Base.lproj/Main.storyboard; sourceTree = "<group>"; };
		905EB8FC208416F3007E1B0F /* Assets.xcassets */ = {isa = PBXFileReference; lastKnownFileType = folder.assetcatalog; path = Assets.xcassets; sourceTree = "<group>"; };
		905EB901208416F3007E1B0F /* Info.plist */ = {isa = PBXFileReference; lastKnownFileType = text.plist.xml; path = Info.plist; sourceTree = "<group>"; };
		905EB906208416F3007E1B0F /* ShopSyncTests.xctest */ = {isa = PBXFileReference; explicitFileType = wrapper.cfbundle; includeInIndex = 0; path = ShopSyncTests.xctest; sourceTree = BUILT_PRODUCTS_DIR; };
		905EB90A208416F3007E1B0F /* ShopSyncTests.swift */ = {isa = PBXFileReference; lastKnownFileType = sourcecode.swift; path = ShopSyncTests.swift; sourceTree = "<group>"; };
		905EB90C208416F3007E1B0F /* Info.plist */ = {isa = PBXFileReference; lastKnownFileType = text.plist.xml; path = Info.plist; sourceTree = "<group>"; };
		905EB911208416F3007E1B0F /* ShopSyncUITests.xctest */ = {isa = PBXFileReference; explicitFileType = wrapper.cfbundle; includeInIndex = 0; path = ShopSyncUITests.xctest; sourceTree = BUILT_PRODUCTS_DIR; };
		905EB915208416F3007E1B0F /* ShopSyncUITests.swift */ = {isa = PBXFileReference; lastKnownFileType = sourcecode.swift; path = ShopSyncUITests.swift; sourceTree = "<group>"; };
		905EB917208416F3007E1B0F /* Info.plist */ = {isa = PBXFileReference; lastKnownFileType = text.plist.xml; path = Info.plist; sourceTree = "<group>"; };
		905EB92420841743007E1B0F /* LogInViewController.swift */ = {isa = PBXFileReference; lastKnownFileType = sourcecode.swift; path = LogInViewController.swift; sourceTree = "<group>"; };
		905EB92620841753007E1B0F /* SignUpViewController.swift */ = {isa = PBXFileReference; lastKnownFileType = sourcecode.swift; path = SignUpViewController.swift; sourceTree = "<group>"; };
		905EB92D2084746B007E1B0F /* GroupsTableViewCell.swift */ = {isa = PBXFileReference; lastKnownFileType = sourcecode.swift; path = GroupsTableViewCell.swift; sourceTree = "<group>"; };
		905EB92F2084747D007E1B0F /* ListTableViewCell.swift */ = {isa = PBXFileReference; lastKnownFileType = sourcecode.swift; path = ListTableViewCell.swift; sourceTree = "<group>"; };
		905EB9362087110F007E1B0F /* ListTableViewController.swift */ = {isa = PBXFileReference; lastKnownFileType = sourcecode.swift; path = ListTableViewController.swift; sourceTree = "<group>"; };
		905EB93820871124007E1B0F /* GroupsTableViewController.swift */ = {isa = PBXFileReference; lastKnownFileType = sourcecode.swift; path = GroupsTableViewController.swift; sourceTree = "<group>"; };
		905EB93A20871F6C007E1B0F /* NewGroupViewController.swift */ = {isa = PBXFileReference; lastKnownFileType = sourcecode.swift; path = NewGroupViewController.swift; sourceTree = "<group>"; };
		905EB93C2087B606007E1B0F /* Globals.swift */ = {isa = PBXFileReference; lastKnownFileType = sourcecode.swift; path = Globals.swift; sourceTree = "<group>"; };
		905EB9402087EDC7007E1B0F /* NewItemViewController.swift */ = {isa = PBXFileReference; lastKnownFileType = sourcecode.swift; path = NewItemViewController.swift; sourceTree = "<group>"; };
		905EB94A2088331C007E1B0F /* checked.png */ = {isa = PBXFileReference; lastKnownFileType = image.png; path = checked.png; sourceTree = "<group>"; };
		905EB94B2088331C007E1B0F /* overlay.png */ = {isa = PBXFileReference; lastKnownFileType = image.png; path = overlay.png; sourceTree = "<group>"; };
		905EB94C2088331C007E1B0F /* close-button.png */ = {isa = PBXFileReference; lastKnownFileType = image.png; path = "close-button.png"; sourceTree = "<group>"; };
		905EB94D2088331D007E1B0F /* unchecked.png */ = {isa = PBXFileReference; lastKnownFileType = image.png; path = unchecked.png; sourceTree = "<group>"; };
/* End PBXFileReference section */

/* Begin PBXFrameworksBuildPhase section */
		905EB8EF208416F3007E1B0F /* Frameworks */ = {
			isa = PBXFrameworksBuildPhase;
			buildActionMask = 2147483647;
			files = (
			);
			runOnlyForDeploymentPostprocessing = 0;
		};
		905EB903208416F3007E1B0F /* Frameworks */ = {
			isa = PBXFrameworksBuildPhase;
			buildActionMask = 2147483647;
			files = (
			);
			runOnlyForDeploymentPostprocessing = 0;
		};
		905EB90E208416F3007E1B0F /* Frameworks */ = {
			isa = PBXFrameworksBuildPhase;
			buildActionMask = 2147483647;
			files = (
			);
			runOnlyForDeploymentPostprocessing = 0;
		};
/* End PBXFrameworksBuildPhase section */

/* Begin PBXGroup section */
		905EB8E9208416F3007E1B0F = {
			isa = PBXGroup;
			children = (
				905EB8F4208416F3007E1B0F /* ShopSync */,
				905EB909208416F3007E1B0F /* ShopSyncTests */,
				905EB914208416F3007E1B0F /* ShopSyncUITests */,
				905EB8F3208416F3007E1B0F /* Products */,
			);
			sourceTree = "<group>";
		};
		905EB8F3208416F3007E1B0F /* Products */ = {
			isa = PBXGroup;
			children = (
				905EB8F2208416F3007E1B0F /* ShopSync.app */,
				905EB906208416F3007E1B0F /* ShopSyncTests.xctest */,
				905EB911208416F3007E1B0F /* ShopSyncUITests.xctest */,
			);
			name = Products;
			sourceTree = "<group>";
		};
		905EB8F4208416F3007E1B0F /* ShopSync */ = {
			isa = PBXGroup;
			children = (
				905EB93E2087ED6D007E1B0F /* List */,
				905EB9312085E144007E1B0F /* images */,
				905EB92820846E43007E1B0F /* Groups */,
				905EB92320841714007E1B0F /* Authorization */,
				905EB8F5208416F3007E1B0F /* AppDelegate.swift */,
				905EB8F9208416F3007E1B0F /* Main.storyboard */,
				905EB8FC208416F3007E1B0F /* Assets.xcassets */,
				905EB901208416F3007E1B0F /* Info.plist */,
				905EB93C2087B606007E1B0F /* Globals.swift */,
			);
			path = ShopSync;
			sourceTree = "<group>";
		};
		905EB909208416F3007E1B0F /* ShopSyncTests */ = {
			isa = PBXGroup;
			children = (
				905EB90A208416F3007E1B0F /* ShopSyncTests.swift */,
				905EB90C208416F3007E1B0F /* Info.plist */,
			);
			path = ShopSyncTests;
			sourceTree = "<group>";
		};
		905EB914208416F3007E1B0F /* ShopSyncUITests */ = {
			isa = PBXGroup;
			children = (
				905EB915208416F3007E1B0F /* ShopSyncUITests.swift */,
				905EB917208416F3007E1B0F /* Info.plist */,
			);
			path = ShopSyncUITests;
			sourceTree = "<group>";
		};
		905EB92320841714007E1B0F /* Authorization */ = {
			isa = PBXGroup;
			children = (
				905EB92420841743007E1B0F /* LogInViewController.swift */,
				905EB92620841753007E1B0F /* SignUpViewController.swift */,
			);
			path = Authorization;
			sourceTree = "<group>";
		};
		905EB92820846E43007E1B0F /* Groups */ = {
			isa = PBXGroup;
			children = (
				905EB92D2084746B007E1B0F /* GroupsTableViewCell.swift */,
				905EB93820871124007E1B0F /* GroupsTableViewController.swift */,
				905EB93A20871F6C007E1B0F /* NewGroupViewController.swift */,
			);
			path = Groups;
			sourceTree = "<group>";
		};
		905EB9312085E144007E1B0F /* images */ = {
			isa = PBXGroup;
			children = (
				905EB94A2088331C007E1B0F /* checked.png */,
				905EB94C2088331C007E1B0F /* close-button.png */,
				905EB94B2088331C007E1B0F /* overlay.png */,
				905EB94D2088331D007E1B0F /* unchecked.png */,
			);
			path = images;
			sourceTree = "<group>";
		};
		905EB93E2087ED6D007E1B0F /* List */ = {
			isa = PBXGroup;
			children = (
				905EB92F2084747D007E1B0F /* ListTableViewCell.swift */,
				905EB9362087110F007E1B0F /* ListTableViewController.swift */,
				905EB9402087EDC7007E1B0F /* NewItemViewController.swift */,
			);
			path = List;
			sourceTree = "<group>";
		};
/* End PBXGroup section */

/* Begin PBXNativeTarget section */
		905EB8F1208416F3007E1B0F /* ShopSync */ = {
			isa = PBXNativeTarget;
			buildConfigurationList = 905EB91A208416F3007E1B0F /* Build configuration list for PBXNativeTarget "ShopSync" */;
			buildPhases = (
				905EB8EE208416F3007E1B0F /* Sources */,
				905EB8EF208416F3007E1B0F /* Frameworks */,
				905EB8F0208416F3007E1B0F /* Resources */,
			);
			buildRules = (
			);
			dependencies = (
			);
			name = ShopSync;
			productName = ShopSync;
			productReference = 905EB8F2208416F3007E1B0F /* ShopSync.app */;
			productType = "com.apple.product-type.application";
		};
		905EB905208416F3007E1B0F /* ShopSyncTests */ = {
			isa = PBXNativeTarget;
			buildConfigurationList = 905EB91D208416F3007E1B0F /* Build configuration list for PBXNativeTarget "ShopSyncTests" */;
			buildPhases = (
				905EB902208416F3007E1B0F /* Sources */,
				905EB903208416F3007E1B0F /* Frameworks */,
				905EB904208416F3007E1B0F /* Resources */,
			);
			buildRules = (
			);
			dependencies = (
				905EB908208416F3007E1B0F /* PBXTargetDependency */,
			);
			name = ShopSyncTests;
			productName = ShopSyncTests;
			productReference = 905EB906208416F3007E1B0F /* ShopSyncTests.xctest */;
			productType = "com.apple.product-type.bundle.unit-test";
		};
		905EB910208416F3007E1B0F /* ShopSyncUITests */ = {
			isa = PBXNativeTarget;
			buildConfigurationList = 905EB920208416F3007E1B0F /* Build configuration list for PBXNativeTarget "ShopSyncUITests" */;
			buildPhases = (
				905EB90D208416F3007E1B0F /* Sources */,
				905EB90E208416F3007E1B0F /* Frameworks */,
				905EB90F208416F3007E1B0F /* Resources */,
			);
			buildRules = (
			);
			dependencies = (
				905EB913208416F3007E1B0F /* PBXTargetDependency */,
			);
			name = ShopSyncUITests;
			productName = ShopSyncUITests;
			productReference = 905EB911208416F3007E1B0F /* ShopSyncUITests.xctest */;
			productType = "com.apple.product-type.bundle.ui-testing";
		};
/* End PBXNativeTarget section */

/* Begin PBXProject section */
		905EB8EA208416F3007E1B0F /* Project object */ = {
			isa = PBXProject;
			attributes = {
				LastSwiftUpdateCheck = 0920;
				LastUpgradeCheck = 0920;
				ORGANIZATIONNAME = "Rachel Bhadra";
				TargetAttributes = {
					905EB8F1208416F3007E1B0F = {
						CreatedOnToolsVersion = 9.2;
						ProvisioningStyle = Automatic;
					};
					905EB905208416F3007E1B0F = {
						CreatedOnToolsVersion = 9.2;
						ProvisioningStyle = Automatic;
						TestTargetID = 905EB8F1208416F3007E1B0F;
					};
					905EB910208416F3007E1B0F = {
						CreatedOnToolsVersion = 9.2;
						ProvisioningStyle = Automatic;
						TestTargetID = 905EB8F1208416F3007E1B0F;
					};
				};
			};
			buildConfigurationList = 905EB8ED208416F3007E1B0F /* Build configuration list for PBXProject "ShopSync" */;
			compatibilityVersion = "Xcode 8.0";
			developmentRegion = en;
			hasScannedForEncodings = 0;
			knownRegions = (
				en,
				Base,
			);
			mainGroup = 905EB8E9208416F3007E1B0F;
			productRefGroup = 905EB8F3208416F3007E1B0F /* Products */;
			projectDirPath = "";
			projectRoot = "";
			targets = (
				905EB8F1208416F3007E1B0F /* ShopSync */,
				905EB905208416F3007E1B0F /* ShopSyncTests */,
				905EB910208416F3007E1B0F /* ShopSyncUITests */,
			);
		};
/* End PBXProject section */

/* Begin PBXResourcesBuildPhase section */
		905EB8F0208416F3007E1B0F /* Resources */ = {
			isa = PBXResourcesBuildPhase;
			buildActionMask = 2147483647;
			files = (
				905EB9502088331D007E1B0F /* close-button.png in Resources */,
				905EB94F2088331D007E1B0F /* overlay.png in Resources */,
				905EB94E2088331D007E1B0F /* checked.png in Resources */,
				905EB8FD208416F3007E1B0F /* Assets.xcassets in Resources */,
				905EB9512088331D007E1B0F /* unchecked.png in Resources */,
				905EB8FB208416F3007E1B0F /* Main.storyboard in Resources */,
			);
			runOnlyForDeploymentPostprocessing = 0;
		};
		905EB904208416F3007E1B0F /* Resources */ = {
			isa = PBXResourcesBuildPhase;
			buildActionMask = 2147483647;
			files = (
			);
			runOnlyForDeploymentPostprocessing = 0;
		};
		905EB90F208416F3007E1B0F /* Resources */ = {
			isa = PBXResourcesBuildPhase;
			buildActionMask = 2147483647;
			files = (
			);
			runOnlyForDeploymentPostprocessing = 0;
		};
/* End PBXResourcesBuildPhase section */

/* Begin PBXSourcesBuildPhase section */
		905EB8EE208416F3007E1B0F /* Sources */ = {
			isa = PBXSourcesBuildPhase;
			buildActionMask = 2147483647;
			files = (
				905EB9302084747D007E1B0F /* ListTableViewCell.swift in Sources */,
				905EB8F6208416F3007E1B0F /* AppDelegate.swift in Sources */,
				905EB9412087EDC7007E1B0F /* NewItemViewController.swift in Sources */,
				905EB92E2084746B007E1B0F /* GroupsTableViewCell.swift in Sources */,
				905EB9372087110F007E1B0F /* ListTableViewController.swift in Sources */,
				905EB93920871124007E1B0F /* GroupsTableViewController.swift in Sources */,
				905EB93B20871F6C007E1B0F /* NewGroupViewController.swift in Sources */,
				905EB92720841753007E1B0F /* SignUpViewController.swift in Sources */,
				905EB92520841743007E1B0F /* LogInViewController.swift in Sources */,
				905EB93D2087B606007E1B0F /* Globals.swift in Sources */,
			);
			runOnlyForDeploymentPostprocessing = 0;
		};
		905EB902208416F3007E1B0F /* Sources */ = {
			isa = PBXSourcesBuildPhase;
			buildActionMask = 2147483647;
			files = (
				905EB90B208416F3007E1B0F /* ShopSyncTests.swift in Sources */,
			);
			runOnlyForDeploymentPostprocessing = 0;
		};
		905EB90D208416F3007E1B0F /* Sources */ = {
			isa = PBXSourcesBuildPhase;
			buildActionMask = 2147483647;
			files = (
				905EB916208416F3007E1B0F /* ShopSyncUITests.swift in Sources */,
			);
			runOnlyForDeploymentPostprocessing = 0;
		};
/* End PBXSourcesBuildPhase section */

/* Begin PBXTargetDependency section */
		905EB908208416F3007E1B0F /* PBXTargetDependency */ = {
			isa = PBXTargetDependency;
			target = 905EB8F1208416F3007E1B0F /* ShopSync */;
			targetProxy = 905EB907208416F3007E1B0F /* PBXContainerItemProxy */;
		};
		905EB913208416F3007E1B0F /* PBXTargetDependency */ = {
			isa = PBXTargetDependency;
			target = 905EB8F1208416F3007E1B0F /* ShopSync */;
			targetProxy = 905EB912208416F3007E1B0F /* PBXContainerItemProxy */;
		};
/* End PBXTargetDependency section */

/* Begin PBXVariantGroup section */
		905EB8F9208416F3007E1B0F /* Main.storyboard */ = {
			isa = PBXVariantGroup;
			children = (
				905EB8FA208416F3007E1B0F /* Base */,
			);
			name = Main.storyboard;
			sourceTree = "<group>";
		};
/* End PBXVariantGroup section */

/* Begin XCBuildConfiguration section */
		905EB918208416F3007E1B0F /* Debug */ = {
			isa = XCBuildConfiguration;
			buildSettings = {
				ALWAYS_SEARCH_USER_PATHS = NO;
				CLANG_ANALYZER_NONNULL = YES;
				CLANG_ANALYZER_NUMBER_OBJECT_CONVERSION = YES_AGGRESSIVE;
				CLANG_CXX_LANGUAGE_STANDARD = "gnu++14";
				CLANG_CXX_LIBRARY = "libc++";
				CLANG_ENABLE_MODULES = YES;
				CLANG_ENABLE_OBJC_ARC = YES;
				CLANG_WARN_BLOCK_CAPTURE_AUTORELEASING = YES;
				CLANG_WARN_BOOL_CONVERSION = YES;
				CLANG_WARN_COMMA = YES;
				CLANG_WARN_CONSTANT_CONVERSION = YES;
				CLANG_WARN_DIRECT_OBJC_ISA_USAGE = YES_ERROR;
				CLANG_WARN_DOCUMENTATION_COMMENTS = YES;
				CLANG_WARN_EMPTY_BODY = YES;
				CLANG_WARN_ENUM_CONVERSION = YES;
				CLANG_WARN_INFINITE_RECURSION = YES;
				CLANG_WARN_INT_CONVERSION = YES;
				CLANG_WARN_NON_LITERAL_NULL_CONVERSION = YES;
				CLANG_WARN_OBJC_LITERAL_CONVERSION = YES;
				CLANG_WARN_OBJC_ROOT_CLASS = YES_ERROR;
				CLANG_WARN_RANGE_LOOP_ANALYSIS = YES;
				CLANG_WARN_STRICT_PROTOTYPES = YES;
				CLANG_WARN_SUSPICIOUS_MOVE = YES;
				CLANG_WARN_UNGUARDED_AVAILABILITY = YES_AGGRESSIVE;
				CLANG_WARN_UNREACHABLE_CODE = YES;
				CLANG_WARN__DUPLICATE_METHOD_MATCH = YES;
				CODE_SIGN_IDENTITY = "iPhone Developer";
				COPY_PHASE_STRIP = NO;
				DEBUG_INFORMATION_FORMAT = dwarf;
				ENABLE_STRICT_OBJC_MSGSEND = YES;
				ENABLE_TESTABILITY = YES;
				GCC_C_LANGUAGE_STANDARD = gnu11;
				GCC_DYNAMIC_NO_PIC = NO;
				GCC_NO_COMMON_BLOCKS = YES;
				GCC_OPTIMIZATION_LEVEL = 0;
				GCC_PREPROCESSOR_DEFINITIONS = (
					"DEBUG=1",
					"$(inherited)",
				);
				GCC_WARN_64_TO_32_BIT_CONVERSION = YES;
				GCC_WARN_ABOUT_RETURN_TYPE = YES_ERROR;
				GCC_WARN_UNDECLARED_SELECTOR = YES;
				GCC_WARN_UNINITIALIZED_AUTOS = YES_AGGRESSIVE;
				GCC_WARN_UNUSED_FUNCTION = YES;
				GCC_WARN_UNUSED_VARIABLE = YES;
				IPHONEOS_DEPLOYMENT_TARGET = 11.2;
				MTL_ENABLE_DEBUG_INFO = YES;
				ONLY_ACTIVE_ARCH = YES;
				SDKROOT = iphoneos;
				SWIFT_ACTIVE_COMPILATION_CONDITIONS = DEBUG;
				SWIFT_OPTIMIZATION_LEVEL = "-Onone";
			};
			name = Debug;
		};
		905EB919208416F3007E1B0F /* Release */ = {
			isa = XCBuildConfiguration;
			buildSettings = {
				ALWAYS_SEARCH_USER_PATHS = NO;
				CLANG_ANALYZER_NONNULL = YES;
				CLANG_ANALYZER_NUMBER_OBJECT_CONVERSION = YES_AGGRESSIVE;
				CLANG_CXX_LANGUAGE_STANDARD = "gnu++14";
				CLANG_CXX_LIBRARY = "libc++";
				CLANG_ENABLE_MODULES = YES;
				CLANG_ENABLE_OBJC_ARC = YES;
				CLANG_WARN_BLOCK_CAPTURE_AUTORELEASING = YES;
				CLANG_WARN_BOOL_CONVERSION = YES;
				CLANG_WARN_COMMA = YES;
				CLANG_WARN_CONSTANT_CONVERSION = YES;
				CLANG_WARN_DIRECT_OBJC_ISA_USAGE = YES_ERROR;
				CLANG_WARN_DOCUMENTATION_COMMENTS = YES;
				CLANG_WARN_EMPTY_BODY = YES;
				CLANG_WARN_ENUM_CONVERSION = YES;
				CLANG_WARN_INFINITE_RECURSION = YES;
				CLANG_WARN_INT_CONVERSION = YES;
				CLANG_WARN_NON_LITERAL_NULL_CONVERSION = YES;
				CLANG_WARN_OBJC_LITERAL_CONVERSION = YES;
				CLANG_WARN_OBJC_ROOT_CLASS = YES_ERROR;
				CLANG_WARN_RANGE_LOOP_ANALYSIS = YES;
				CLANG_WARN_STRICT_PROTOTYPES = YES;
				CLANG_WARN_SUSPICIOUS_MOVE = YES;
				CLANG_WARN_UNGUARDED_AVAILABILITY = YES_AGGRESSIVE;
				CLANG_WARN_UNREACHABLE_CODE = YES;
				CLANG_WARN__DUPLICATE_METHOD_MATCH = YES;
				CODE_SIGN_IDENTITY = "iPhone Developer";
				COPY_PHASE_STRIP = NO;
				DEBUG_INFORMATION_FORMAT = "dwarf-with-dsym";
				ENABLE_NS_ASSERTIONS = NO;
				ENABLE_STRICT_OBJC_MSGSEND = YES;
				GCC_C_LANGUAGE_STANDARD = gnu11;
				GCC_NO_COMMON_BLOCKS = YES;
				GCC_WARN_64_TO_32_BIT_CONVERSION = YES;
				GCC_WARN_ABOUT_RETURN_TYPE = YES_ERROR;
				GCC_WARN_UNDECLARED_SELECTOR = YES;
				GCC_WARN_UNINITIALIZED_AUTOS = YES_AGGRESSIVE;
				GCC_WARN_UNUSED_FUNCTION = YES;
				GCC_WARN_UNUSED_VARIABLE = YES;
				IPHONEOS_DEPLOYMENT_TARGET = 11.2;
				MTL_ENABLE_DEBUG_INFO = NO;
				SDKROOT = iphoneos;
				SWIFT_OPTIMIZATION_LEVEL = "-Owholemodule";
				VALIDATE_PRODUCT = YES;
			};
			name = Release;
		};
		905EB91B208416F3007E1B0F /* Debug */ = {
			isa = XCBuildConfiguration;
			buildSettings = {
				ASSETCATALOG_COMPILER_APPICON_NAME = AppIcon;
				CODE_SIGN_STYLE = Automatic;
				DEVELOPMENT_TEAM = K89JTJF4Z2;
				INFOPLIST_FILE = ShopSync/Info.plist;
				LD_RUNPATH_SEARCH_PATHS = "$(inherited) @executable_path/Frameworks";
				PRODUCT_BUNDLE_IDENTIFIER = com.rachelbhadra.ShopSync;
				PRODUCT_NAME = "$(TARGET_NAME)";
				SWIFT_VERSION = 4.0;
				TARGETED_DEVICE_FAMILY = "1,2";
			};
			name = Debug;
		};
		905EB91C208416F3007E1B0F /* Release */ = {
			isa = XCBuildConfiguration;
			buildSettings = {
				ASSETCATALOG_COMPILER_APPICON_NAME = AppIcon;
				CODE_SIGN_STYLE = Automatic;
				DEVELOPMENT_TEAM = K89JTJF4Z2;
				INFOPLIST_FILE = ShopSync/Info.plist;
				LD_RUNPATH_SEARCH_PATHS = "$(inherited) @executable_path/Frameworks";
				PRODUCT_BUNDLE_IDENTIFIER = com.rachelbhadra.ShopSync;
				PRODUCT_NAME = "$(TARGET_NAME)";
				SWIFT_VERSION = 4.0;
				TARGETED_DEVICE_FAMILY = "1,2";
			};
			name = Release;
		};
		905EB91E208416F3007E1B0F /* Debug */ = {
			isa = XCBuildConfiguration;
			buildSettings = {
				ALWAYS_EMBED_SWIFT_STANDARD_LIBRARIES = YES;
				BUNDLE_LOADER = "$(TEST_HOST)";
				CODE_SIGN_STYLE = Automatic;
				DEVELOPMENT_TEAM = K89JTJF4Z2;
				INFOPLIST_FILE = ShopSyncTests/Info.plist;
				LD_RUNPATH_SEARCH_PATHS = "$(inherited) @executable_path/Frameworks @loader_path/Frameworks";
				PRODUCT_BUNDLE_IDENTIFIER = com.rachelbhadra.ShopSyncTests;
				PRODUCT_NAME = "$(TARGET_NAME)";
				SWIFT_VERSION = 4.0;
				TARGETED_DEVICE_FAMILY = "1,2";
				TEST_HOST = "$(BUILT_PRODUCTS_DIR)/ShopSync.app/ShopSync";
			};
			name = Debug;
		};
		905EB91F208416F3007E1B0F /* Release */ = {
			isa = XCBuildConfiguration;
			buildSettings = {
				ALWAYS_EMBED_SWIFT_STANDARD_LIBRARIES = YES;
				BUNDLE_LOADER = "$(TEST_HOST)";
				CODE_SIGN_STYLE = Automatic;
				DEVELOPMENT_TEAM = K89JTJF4Z2;
				INFOPLIST_FILE = ShopSyncTests/Info.plist;
				LD_RUNPATH_SEARCH_PATHS = "$(inherited) @executable_path/Frameworks @loader_path/Frameworks";
				PRODUCT_BUNDLE_IDENTIFIER = com.rachelbhadra.ShopSyncTests;
				PRODUCT_NAME = "$(TARGET_NAME)";
				SWIFT_VERSION = 4.0;
				TARGETED_DEVICE_FAMILY = "1,2";
				TEST_HOST = "$(BUILT_PRODUCTS_DIR)/ShopSync.app/ShopSync";
			};
			name = Release;
		};
		905EB921208416F3007E1B0F /* Debug */ = {
			isa = XCBuildConfiguration;
			buildSettings = {
				ALWAYS_EMBED_SWIFT_STANDARD_LIBRARIES = YES;
				CODE_SIGN_STYLE = Automatic;
				DEVELOPMENT_TEAM = K89JTJF4Z2;
				INFOPLIST_FILE = ShopSyncUITests/Info.plist;
				LD_RUNPATH_SEARCH_PATHS = "$(inherited) @executable_path/Frameworks @loader_path/Frameworks";
				PRODUCT_BUNDLE_IDENTIFIER = com.rachelbhadra.ShopSyncUITests;
				PRODUCT_NAME = "$(TARGET_NAME)";
				SWIFT_VERSION = 4.0;
				TARGETED_DEVICE_FAMILY = "1,2";
				TEST_TARGET_NAME = ShopSync;
			};
			name = Debug;
		};
		905EB922208416F3007E1B0F /* Release */ = {
			isa = XCBuildConfiguration;
			buildSettings = {
				ALWAYS_EMBED_SWIFT_STANDARD_LIBRARIES = YES;
				CODE_SIGN_STYLE = Automatic;
				DEVELOPMENT_TEAM = K89JTJF4Z2;
				INFOPLIST_FILE = ShopSyncUITests/Info.plist;
				LD_RUNPATH_SEARCH_PATHS = "$(inherited) @executable_path/Frameworks @loader_path/Frameworks";
				PRODUCT_BUNDLE_IDENTIFIER = com.rachelbhadra.ShopSyncUITests;
				PRODUCT_NAME = "$(TARGET_NAME)";
				SWIFT_VERSION = 4.0;
				TARGETED_DEVICE_FAMILY = "1,2";
				TEST_TARGET_NAME = ShopSync;
			};
			name = Release;
		};
/* End XCBuildConfiguration section */

/* Begin XCConfigurationList section */
		905EB8ED208416F3007E1B0F /* Build configuration list for PBXProject "ShopSync" */ = {
			isa = XCConfigurationList;
			buildConfigurations = (
				905EB918208416F3007E1B0F /* Debug */,
				905EB919208416F3007E1B0F /* Release */,
			);
			defaultConfigurationIsVisible = 0;
			defaultConfigurationName = Release;
		};
		905EB91A208416F3007E1B0F /* Build configuration list for PBXNativeTarget "ShopSync" */ = {
			isa = XCConfigurationList;
			buildConfigurations = (
				905EB91B208416F3007E1B0F /* Debug */,
				905EB91C208416F3007E1B0F /* Release */,
			);
			defaultConfigurationIsVisible = 0;
			defaultConfigurationName = Release;
		};
		905EB91D208416F3007E1B0F /* Build configuration list for PBXNativeTarget "ShopSyncTests" */ = {
			isa = XCConfigurationList;
			buildConfigurations = (
				905EB91E208416F3007E1B0F /* Debug */,
				905EB91F208416F3007E1B0F /* Release */,
			);
			defaultConfigurationIsVisible = 0;
			defaultConfigurationName = Release;
		};
		905EB920208416F3007E1B0F /* Build configuration list for PBXNativeTarget "ShopSyncUITests" */ = {
			isa = XCConfigurationList;
			buildConfigurations = (
				905EB921208416F3007E1B0F /* Debug */,
				905EB922208416F3007E1B0F /* Release */,
			);
			defaultConfigurationIsVisible = 0;
			defaultConfigurationName = Release;
		};
/* End XCConfigurationList section */
	};
	rootObject = 905EB8EA208416F3007E1B0F /* Project object */;
}
