// !$*UTF8*$!
{
	archiveVersion = 1;
	classes = {
	};
	objectVersion = 48;
	objects = {

/* Begin PBXBuildFile section */
		9040346C20984AFC00EC5839 /* List.swift in Sources */ = {isa = PBXBuildFile; fileRef = 9040346B20984AFC00EC5839 /* List.swift */; };
		905EB8F6208416F3007E1B0F /* AppDelegate.swift in Sources */ = {isa = PBXBuildFile; fileRef = 905EB8F5208416F3007E1B0F /* AppDelegate.swift */; };
		905EB8FB208416F3007E1B0F /* Main.storyboard in Resources */ = {isa = PBXBuildFile; fileRef = 905EB8F9208416F3007E1B0F /* Main.storyboard */; };
		905EB8FD208416F3007E1B0F /* Assets.xcassets in Resources */ = {isa = PBXBuildFile; fileRef = 905EB8FC208416F3007E1B0F /* Assets.xcassets */; };
		905EB90B208416F3007E1B0F /* ShopSyncTests.swift in Sources */ = {isa = PBXBuildFile; fileRef = 905EB90A208416F3007E1B0F /* ShopSyncTests.swift */; };
		905EB916208416F3007E1B0F /* ShopSyncUITests.swift in Sources */ = {isa = PBXBuildFile; fileRef = 905EB915208416F3007E1B0F /* ShopSyncUITests.swift */; };
		905EB92520841743007E1B0F /* LogInViewController.swift in Sources */ = {isa = PBXBuildFile; fileRef = 905EB92420841743007E1B0F /* LogInViewController.swift */; };
		905EB92720841753007E1B0F /* SignUpViewController.swift in Sources */ = {isa = PBXBuildFile; fileRef = 905EB92620841753007E1B0F /* SignUpViewController.swift */; };
		905EB92E2084746B007E1B0F /* GroupsTableViewCell.swift in Sources */ = {isa = PBXBuildFile; fileRef = 905EB92D2084746B007E1B0F /* GroupsTableViewCell.swift */; };
		905EB9302084747D007E1B0F /* ListTableViewCell.swift in Sources */ = {isa = PBXBuildFile; fileRef = 905EB92F2084747D007E1B0F /* ListTableViewCell.swift */; };
		905EB9372087110F007E1B0F /* ListTableViewController.swift in Sources */ = {isa = PBXBuildFile; fileRef = 905EB9362087110F007E1B0F /* ListTableViewController.swift */; };
		905EB93920871124007E1B0F /* GroupsTableViewController.swift in Sources */ = {isa = PBXBuildFile; fileRef = 905EB93820871124007E1B0F /* GroupsTableViewController.swift */; };
		905EB93B20871F6C007E1B0F /* NewGroupViewController.swift in Sources */ = {isa = PBXBuildFile; fileRef = 905EB93A20871F6C007E1B0F /* NewGroupViewController.swift */; };
		905EB93D2087B606007E1B0F /* Globals.swift in Sources */ = {isa = PBXBuildFile; fileRef = 905EB93C2087B606007E1B0F /* Globals.swift */; };
		905EB9412087EDC7007E1B0F /* NewItemViewController.swift in Sources */ = {isa = PBXBuildFile; fileRef = 905EB9402087EDC7007E1B0F /* NewItemViewController.swift */; };
		9065EE582092EEA000E18FA3 /* GoogleService-Info.plist in Resources */ = {isa = PBXBuildFile; fileRef = 9065EE572092EEA000E18FA3 /* GoogleService-Info.plist */; };
		9065EE592092EEA000E18FA3 /* GoogleService-Info.plist in Resources */ = {isa = PBXBuildFile; fileRef = 9065EE572092EEA000E18FA3 /* GoogleService-Info.plist */; };
		9065EE5A2092EEA000E18FA3 /* GoogleService-Info.plist in Resources */ = {isa = PBXBuildFile; fileRef = 9065EE572092EEA000E18FA3 /* GoogleService-Info.plist */; };
		90AA3DAA2094567D00B324B1 /* CurrentUser.swift in Sources */ = {isa = PBXBuildFile; fileRef = 90AA3DA92094567D00B324B1 /* CurrentUser.swift */; };
		C39B40DB0F36004580866376 /* Pods_ShopSyncUITests.framework in Frameworks */ = {isa = PBXBuildFile; fileRef = 40F22A9939FBB8F8581AD3DF /* Pods_ShopSyncUITests.framework */; };
		E4135D7B3B5F0F8F3B4DF39F /* Pods_ShopSyncTests.framework in Frameworks */ = {isa = PBXBuildFile; fileRef = EE1225994A9F9248FCA52237 /* Pods_ShopSyncTests.framework */; };
		E569CD3FD183D0C0E2AE791E /* Pods_ShopSync.framework in Frameworks */ = {isa = PBXBuildFile; fileRef = 1949B630B8CDA5CE58A34AE0 /* Pods_ShopSync.framework */; };
/* End PBXBuildFile section */

/* Begin PBXContainerItemProxy section */
		905EB907208416F3007E1B0F /* PBXContainerItemProxy */ = {
			isa = PBXContainerItemProxy;
			containerPortal = 905EB8EA208416F3007E1B0F /* Project object */;
			proxyType = 1;
			remoteGlobalIDString = 905EB8F1208416F3007E1B0F;
			remoteInfo = ShopSync;
		};
		905EB912208416F3007E1B0F /* PBXContainerItemProxy */ = {
			isa = PBXContainerItemProxy;
			containerPortal = 905EB8EA208416F3007E1B0F /* Project object */;
			proxyType = 1;
			remoteGlobalIDString = 905EB8F1208416F3007E1B0F;
			remoteInfo = ShopSync;
		};
/* End PBXContainerItemProxy section */

/* Begin PBXFileReference section */
		1949B630B8CDA5CE58A34AE0 /* Pods_ShopSync.framework */ = {isa = PBXFileReference; explicitFileType = wrapper.framework; includeInIndex = 0; path = Pods_ShopSync.framework; sourceTree = BUILT_PRODUCTS_DIR; };
		40F22A9939FBB8F8581AD3DF /* Pods_ShopSyncUITests.framework */ = {isa = PBXFileReference; explicitFileType = wrapper.framework; includeInIndex = 0; path = Pods_ShopSyncUITests.framework; sourceTree = BUILT_PRODUCTS_DIR; };
		432AF61BC6AE50CBB88AC0A6 /* Pods-ShopSyncUITests.debug.xcconfig */ = {isa = PBXFileReference; includeInIndex = 1; lastKnownFileType = text.xcconfig; name = "Pods-ShopSyncUITests.debug.xcconfig"; path = "Pods/Target Support Files/Pods-ShopSyncUITests/Pods-ShopSyncUITests.debug.xcconfig"; sourceTree = "<group>"; };
		7381A0EDA154B5BAFE7BF48E /* Pods-ShopSyncUITests.release.xcconfig */ = {isa = PBXFileReference; includeInIndex = 1; lastKnownFileType = text.xcconfig; name = "Pods-ShopSyncUITests.release.xcconfig"; path = "Pods/Target Support Files/Pods-ShopSyncUITests/Pods-ShopSyncUITests.release.xcconfig"; sourceTree = "<group>"; };
		825C1D84A36B73261961B08B /* Pods-ShopSyncTests.debug.xcconfig */ = {isa = PBXFileReference; includeInIndex = 1; lastKnownFileType = text.xcconfig; name = "Pods-ShopSyncTests.debug.xcconfig"; path = "Pods/Target Support Files/Pods-ShopSyncTests/Pods-ShopSyncTests.debug.xcconfig"; sourceTree = "<group>"; };
		9040346B20984AFC00EC5839 /* List.swift */ = {isa = PBXFileReference; lastKnownFileType = sourcecode.swift; path = List.swift; sourceTree = "<group>"; };
		905EB8F2208416F3007E1B0F /* ShopSync.app */ = {isa = PBXFileReference; explicitFileType = wrapper.application; includeInIndex = 0; path = ShopSync.app; sourceTree = BUILT_PRODUCTS_DIR; };
		905EB8F5208416F3007E1B0F /* AppDelegate.swift */ = {isa = PBXFileReference; lastKnownFileType = sourcecode.swift; path = AppDelegate.swift; sourceTree = "<group>"; };
		905EB8FA208416F3007E1B0F /* Base */ = {isa = PBXFileReference; lastKnownFileType = file.storyboard; name = Base; path = Base.lproj/Main.storyboard; sourceTree = "<group>"; };
		905EB8FC208416F3007E1B0F /* Assets.xcassets */ = {isa = PBXFileReference; lastKnownFileType = folder.assetcatalog; path = Assets.xcassets; sourceTree = "<group>"; };
		905EB901208416F3007E1B0F /* Info.plist */ = {isa = PBXFileReference; lastKnownFileType = text.plist.xml; path = Info.plist; sourceTree = "<group>"; };
		905EB906208416F3007E1B0F /* ShopSyncTests.xctest */ = {isa = PBXFileReference; explicitFileType = wrapper.cfbundle; includeInIndex = 0; path = ShopSyncTests.xctest; sourceTree = BUILT_PRODUCTS_DIR; };
		905EB90A208416F3007E1B0F /* ShopSyncTests.swift */ = {isa = PBXFileReference; lastKnownFileType = sourcecode.swift; path = ShopSyncTests.swift; sourceTree = "<group>"; };
		905EB90C208416F3007E1B0F /* Info.plist */ = {isa = PBXFileReference; lastKnownFileType = text.plist.xml; path = Info.plist; sourceTree = "<group>"; };
		905EB911208416F3007E1B0F /* ShopSyncUITests.xctest */ = {isa = PBXFileReference; explicitFileType = wrapper.cfbundle; includeInIndex = 0; path = ShopSyncUITests.xctest; sourceTree = BUILT_PRODUCTS_DIR; };
		905EB915208416F3007E1B0F /* ShopSyncUITests.swift */ = {isa = PBXFileReference; lastKnownFileType = sourcecode.swift; path = ShopSyncUITests.swift; sourceTree = "<group>"; };
		905EB917208416F3007E1B0F /* Info.plist */ = {isa = PBXFileReference; lastKnownFileType = text.plist.xml; path = Info.plist; sourceTree = "<group>"; };
		905EB92420841743007E1B0F /* LogInViewController.swift */ = {isa = PBXFileReference; lastKnownFileType = sourcecode.swift; path = LogInViewController.swift; sourceTree = "<group>"; };
		905EB92620841753007E1B0F /* SignUpViewController.swift */ = {isa = PBXFileReference; lastKnownFileType = sourcecode.swift; path = SignUpViewController.swift; sourceTree = "<group>"; };
		905EB92D2084746B007E1B0F /* GroupsTableViewCell.swift */ = {isa = PBXFileReference; lastKnownFileType = sourcecode.swift; path = GroupsTableViewCell.swift; sourceTree = "<group>"; };
		905EB92F2084747D007E1B0F /* ListTableViewCell.swift */ = {isa = PBXFileReference; lastKnownFileType = sourcecode.swift; path = ListTableViewCell.swift; sourceTree = "<group>"; };
		905EB9362087110F007E1B0F /* ListTableViewController.swift */ = {isa = PBXFileReference; lastKnownFileType = sourcecode.swift; path = ListTableViewController.swift; sourceTree = "<group>"; };
		905EB93820871124007E1B0F /* GroupsTableViewController.swift */ = {isa = PBXFileReference; lastKnownFileType = sourcecode.swift; path = GroupsTableViewController.swift; sourceTree = "<group>"; };
		905EB93A20871F6C007E1B0F /* NewGroupViewController.swift */ = {isa = PBXFileReference; lastKnownFileType = sourcecode.swift; path = NewGroupViewController.swift; sourceTree = "<group>"; };
		905EB93C2087B606007E1B0F /* Globals.swift */ = {isa = PBXFileReference; lastKnownFileType = sourcecode.swift; path = Globals.swift; sourceTree = "<group>"; };
		905EB9402087EDC7007E1B0F /* NewItemViewController.swift */ = {isa = PBXFileReference; lastKnownFileType = sourcecode.swift; path = NewItemViewController.swift; sourceTree = "<group>"; };
		9065EE572092EEA000E18FA3 /* GoogleService-Info.plist */ = {isa = PBXFileReference; fileEncoding = 4; lastKnownFileType = text.plist.xml; path = "GoogleService-Info.plist"; sourceTree = SOURCE_ROOT; };
		90AA3DA92094567D00B324B1 /* CurrentUser.swift */ = {isa = PBXFileReference; lastKnownFileType = sourcecode.swift; path = CurrentUser.swift; sourceTree = "<group>"; };
		AF918125207AF7B0031CD089 /* Pods-ShopSyncTests.release.xcconfig */ = {isa = PBXFileReference; includeInIndex = 1; lastKnownFileType = text.xcconfig; name = "Pods-ShopSyncTests.release.xcconfig"; path = "Pods/Target Support Files/Pods-ShopSyncTests/Pods-ShopSyncTests.release.xcconfig"; sourceTree = "<group>"; };
		B530DED77E5D733B9E61FC64 /* Pods-ShopSync.debug.xcconfig */ = {isa = PBXFileReference; includeInIndex = 1; lastKnownFileType = text.xcconfig; name = "Pods-ShopSync.debug.xcconfig"; path = "Pods/Target Support Files/Pods-ShopSync/Pods-ShopSync.debug.xcconfig"; sourceTree = "<group>"; };
		EE1225994A9F9248FCA52237 /* Pods_ShopSyncTests.framework */ = {isa = PBXFileReference; explicitFileType = wrapper.framework; includeInIndex = 0; path = Pods_ShopSyncTests.framework; sourceTree = BUILT_PRODUCTS_DIR; };
		FC8EC1A8528FB6798551F80B /* Pods-ShopSync.release.xcconfig */ = {isa = PBXFileReference; includeInIndex = 1; lastKnownFileType = text.xcconfig; name = "Pods-ShopSync.release.xcconfig"; path = "Pods/Target Support Files/Pods-ShopSync/Pods-ShopSync.release.xcconfig"; sourceTree = "<group>"; };
/* End PBXFileReference section */

/* Begin PBXFrameworksBuildPhase section */
		905EB8EF208416F3007E1B0F /* Frameworks */ = {
			isa = PBXFrameworksBuildPhase;
			buildActionMask = 2147483647;
			files = (
				E569CD3FD183D0C0E2AE791E /* Pods_ShopSync.framework in Frameworks */,
			);
			runOnlyForDeploymentPostprocessing = 0;
		};
		905EB903208416F3007E1B0F /* Frameworks */ = {
			isa = PBXFrameworksBuildPhase;
			buildActionMask = 2147483647;
			files = (
				E4135D7B3B5F0F8F3B4DF39F /* Pods_ShopSyncTests.framework in Frameworks */,
			);
			runOnlyForDeploymentPostprocessing = 0;
		};
		905EB90E208416F3007E1B0F /* Frameworks */ = {
			isa = PBXFrameworksBuildPhase;
			buildActionMask = 2147483647;
			files = (
				C39B40DB0F36004580866376 /* Pods_ShopSyncUITests.framework in Frameworks */,
			);
			runOnlyForDeploymentPostprocessing = 0;
		};
/* End PBXFrameworksBuildPhase section */

/* Begin PBXGroup section */
		905EB8E9208416F3007E1B0F = {
			isa = PBXGroup;
			children = (
				905EB8F4208416F3007E1B0F /* ShopSync */,
				905EB909208416F3007E1B0F /* ShopSyncTests */,
				905EB914208416F3007E1B0F /* ShopSyncUITests */,
				905EB8F3208416F3007E1B0F /* Products */,
				D9EE5A13E553507C167724A3 /* Pods */,
				CBEA0AAB242536FF9B57A602 /* Frameworks */,
			);
			sourceTree = "<group>";
		};
		905EB8F3208416F3007E1B0F /* Products */ = {
			isa = PBXGroup;
			children = (
				905EB8F2208416F3007E1B0F /* ShopSync.app */,
				905EB906208416F3007E1B0F /* ShopSyncTests.xctest */,
				905EB911208416F3007E1B0F /* ShopSyncUITests.xctest */,
			);
			name = Products;
			sourceTree = "<group>";
		};
		905EB8F4208416F3007E1B0F /* ShopSync */ = {
			isa = PBXGroup;
			children = (
				9065EE572092EEA000E18FA3 /* GoogleService-Info.plist */,
				90AA3DA62094562F00B324B1 /* App Utilities */,
				905EB93E2087ED6D007E1B0F /* List */,
				905EB92820846E43007E1B0F /* Groups */,
				905EB92320841714007E1B0F /* Authorization */,
				90AA3DA72094564400B324B1 /* Model */,
				905EB8F9208416F3007E1B0F /* Main.storyboard */,
				905EB8FC208416F3007E1B0F /* Assets.xcassets */,
				905EB901208416F3007E1B0F /* Info.plist */,
			);
			path = ShopSync;
			sourceTree = "<group>";
		};
		905EB909208416F3007E1B0F /* ShopSyncTests */ = {
			isa = PBXGroup;
			children = (
				905EB90A208416F3007E1B0F /* ShopSyncTests.swift */,
				905EB90C208416F3007E1B0F /* Info.plist */,
			);
			path = ShopSyncTests;
			sourceTree = "<group>";
		};
		905EB914208416F3007E1B0F /* ShopSyncUITests */ = {
			isa = PBXGroup;
			children = (
				905EB915208416F3007E1B0F /* ShopSyncUITests.swift */,
				905EB917208416F3007E1B0F /* Info.plist */,
			);
			path = ShopSyncUITests;
			sourceTree = "<group>";
		};
		905EB92320841714007E1B0F /* Authorization */ = {
			isa = PBXGroup;
			children = (
				905EB92420841743007E1B0F /* LogInViewController.swift */,
				905EB92620841753007E1B0F /* SignUpViewController.swift */,
			);
			path = Authorization;
			sourceTree = "<group>";
		};
		905EB92820846E43007E1B0F /* Groups */ = {
			isa = PBXGroup;
			children = (
				905EB92D2084746B007E1B0F /* GroupsTableViewCell.swift */,
				905EB93820871124007E1B0F /* GroupsTableViewController.swift */,
				905EB93A20871F6C007E1B0F /* NewGroupViewController.swift */,
			);
			path = Groups;
			sourceTree = "<group>";
		};
		905EB93E2087ED6D007E1B0F /* List */ = {
			isa = PBXGroup;
			children = (
				905EB92F2084747D007E1B0F /* ListTableViewCell.swift */,
				905EB9362087110F007E1B0F /* ListTableViewController.swift */,
				905EB9402087EDC7007E1B0F /* NewItemViewController.swift */,
			);
			path = List;
			sourceTree = "<group>";
		};
		90AA3DA62094562F00B324B1 /* App Utilities */ = {
			isa = PBXGroup;
			children = (
				905EB8F5208416F3007E1B0F /* AppDelegate.swift */,
			);
			path = "App Utilities";
			sourceTree = "<group>";
		};
		90AA3DA72094564400B324B1 /* Model */ = {
			isa = PBXGroup;
			children = (
				905EB93C2087B606007E1B0F /* Globals.swift */,
				9040346B20984AFC00EC5839 /* List.swift */,
				90AA3DA92094567D00B324B1 /* CurrentUser.swift */,
			);
			path = Model;
			sourceTree = "<group>";
		};
		CBEA0AAB242536FF9B57A602 /* Frameworks */ = {
			isa = PBXGroup;
			children = (
				1949B630B8CDA5CE58A34AE0 /* Pods_ShopSync.framework */,
				EE1225994A9F9248FCA52237 /* Pods_ShopSyncTests.framework */,
				40F22A9939FBB8F8581AD3DF /* Pods_ShopSyncUITests.framework */,
			);
			name = Frameworks;
			sourceTree = "<group>";
		};
		D9EE5A13E553507C167724A3 /* Pods */ = {
			isa = PBXGroup;
			children = (
				B530DED77E5D733B9E61FC64 /* Pods-ShopSync.debug.xcconfig */,
				FC8EC1A8528FB6798551F80B /* Pods-ShopSync.release.xcconfig */,
				825C1D84A36B73261961B08B /* Pods-ShopSyncTests.debug.xcconfig */,
				AF918125207AF7B0031CD089 /* Pods-ShopSyncTests.release.xcconfig */,
				432AF61BC6AE50CBB88AC0A6 /* Pods-ShopSyncUITests.debug.xcconfig */,
				7381A0EDA154B5BAFE7BF48E /* Pods-ShopSyncUITests.release.xcconfig */,
			);
			name = Pods;
			sourceTree = "<group>";
		};
/* End PBXGroup section */

/* Begin PBXNativeTarget section */
		905EB8F1208416F3007E1B0F /* ShopSync */ = {
			isa = PBXNativeTarget;
			buildConfigurationList = 905EB91A208416F3007E1B0F /* Build configuration list for PBXNativeTarget "ShopSync" */;
			buildPhases = (
				90259265EEFA034F329F8980 /* [CP] Check Pods Manifest.lock */,
				905EB8EE208416F3007E1B0F /* Sources */,
				905EB8EF208416F3007E1B0F /* Frameworks */,
				905EB8F0208416F3007E1B0F /* Resources */,
				A5E5A6138E1C47576DD8AA4A /* [CP] Embed Pods Frameworks */,
				792C9C97486929ED50FE48AD /* [CP] Copy Pods Resources */,
			);
			buildRules = (
			);
			dependencies = (
			);
			name = ShopSync;
			productName = ShopSync;
			productReference = 905EB8F2208416F3007E1B0F /* ShopSync.app */;
			productType = "com.apple.product-type.application";
		};
		905EB905208416F3007E1B0F /* ShopSyncTests */ = {
			isa = PBXNativeTarget;
			buildConfigurationList = 905EB91D208416F3007E1B0F /* Build configuration list for PBXNativeTarget "ShopSyncTests" */;
			buildPhases = (
				0515E3B2BA2D84C0B7EB10A2 /* [CP] Check Pods Manifest.lock */,
				905EB902208416F3007E1B0F /* Sources */,
				905EB903208416F3007E1B0F /* Frameworks */,
				905EB904208416F3007E1B0F /* Resources */,
				77F9B7EC4D51046AC5186255 /* [CP] Embed Pods Frameworks */,
				D4B8E800C45117273212F258 /* [CP] Copy Pods Resources */,
			);
			buildRules = (
			);
			dependencies = (
				905EB908208416F3007E1B0F /* PBXTargetDependency */,
			);
			name = ShopSyncTests;
			productName = ShopSyncTests;
			productReference = 905EB906208416F3007E1B0F /* ShopSyncTests.xctest */;
			productType = "com.apple.product-type.bundle.unit-test";
		};
		905EB910208416F3007E1B0F /* ShopSyncUITests */ = {
			isa = PBXNativeTarget;
			buildConfigurationList = 905EB920208416F3007E1B0F /* Build configuration list for PBXNativeTarget "ShopSyncUITests" */;
			buildPhases = (
				E9AE429402BBF4C4219481AA /* [CP] Check Pods Manifest.lock */,
				905EB90D208416F3007E1B0F /* Sources */,
				905EB90E208416F3007E1B0F /* Frameworks */,
				905EB90F208416F3007E1B0F /* Resources */,
				3CDEB4C3F40B013B2F87057B /* [CP] Embed Pods Frameworks */,
				BBBCB57CCE592106915095D0 /* [CP] Copy Pods Resources */,
			);
			buildRules = (
			);
			dependencies = (
				905EB913208416F3007E1B0F /* PBXTargetDependency */,
			);
			name = ShopSyncUITests;
			productName = ShopSyncUITests;
			productReference = 905EB911208416F3007E1B0F /* ShopSyncUITests.xctest */;
			productType = "com.apple.product-type.bundle.ui-testing";
		};
/* End PBXNativeTarget section */

/* Begin PBXProject section */
		905EB8EA208416F3007E1B0F /* Project object */ = {
			isa = PBXProject;
			attributes = {
				LastSwiftUpdateCheck = 0920;
				LastUpgradeCheck = 0920;
				ORGANIZATIONNAME = "Rachel Bhadra";
				TargetAttributes = {
					905EB8F1208416F3007E1B0F = {
						CreatedOnToolsVersion = 9.2;
						ProvisioningStyle = Automatic;
					};
					905EB905208416F3007E1B0F = {
						CreatedOnToolsVersion = 9.2;
						ProvisioningStyle = Automatic;
						TestTargetID = 905EB8F1208416F3007E1B0F;
					};
					905EB910208416F3007E1B0F = {
						CreatedOnToolsVersion = 9.2;
						ProvisioningStyle = Automatic;
						TestTargetID = 905EB8F1208416F3007E1B0F;
					};
				};
			};
			buildConfigurationList = 905EB8ED208416F3007E1B0F /* Build configuration list for PBXProject "ShopSync" */;
			compatibilityVersion = "Xcode 8.0";
			developmentRegion = en;
			hasScannedForEncodings = 0;
			knownRegions = (
				en,
				Base,
			);
			mainGroup = 905EB8E9208416F3007E1B0F;
			productRefGroup = 905EB8F3208416F3007E1B0F /* Products */;
			projectDirPath = "";
			projectRoot = "";
			targets = (
				905EB8F1208416F3007E1B0F /* ShopSync */,
				905EB905208416F3007E1B0F /* ShopSyncTests */,
				905EB910208416F3007E1B0F /* ShopSyncUITests */,
			);
		};
/* End PBXProject section */

/* Begin PBXResourcesBuildPhase section */
		905EB8F0208416F3007E1B0F /* Resources */ = {
			isa = PBXResourcesBuildPhase;
			buildActionMask = 2147483647;
			files = (
				905EB8FD208416F3007E1B0F /* Assets.xcassets in Resources */,
				905EB8FB208416F3007E1B0F /* Main.storyboard in Resources */,
				9065EE582092EEA000E18FA3 /* GoogleService-Info.plist in Resources */,
			);
			runOnlyForDeploymentPostprocessing = 0;
		};
		905EB904208416F3007E1B0F /* Resources */ = {
			isa = PBXResourcesBuildPhase;
			buildActionMask = 2147483647;
			files = (
				9065EE592092EEA000E18FA3 /* GoogleService-Info.plist in Resources */,
			);
			runOnlyForDeploymentPostprocessing = 0;
		};
		905EB90F208416F3007E1B0F /* Resources */ = {
			isa = PBXResourcesBuildPhase;
			buildActionMask = 2147483647;
			files = (
				9065EE5A2092EEA000E18FA3 /* GoogleService-Info.plist in Resources */,
			);
			runOnlyForDeploymentPostprocessing = 0;
		};
/* End PBXResourcesBuildPhase section */

/* Begin PBXShellScriptBuildPhase section */
		0515E3B2BA2D84C0B7EB10A2 /* [CP] Check Pods Manifest.lock */ = {
			isa = PBXShellScriptBuildPhase;
			buildActionMask = 2147483647;
			files = (
			);
			inputPaths = (
				"${PODS_PODFILE_DIR_PATH}/Podfile.lock",
				"${PODS_ROOT}/Manifest.lock",
			);
			name = "[CP] Check Pods Manifest.lock";
			outputPaths = (
				"$(DERIVED_FILE_DIR)/Pods-ShopSyncTests-checkManifestLockResult.txt",
			);
			runOnlyForDeploymentPostprocessing = 0;
			shellPath = /bin/sh;
			shellScript = "diff \"${PODS_PODFILE_DIR_PATH}/Podfile.lock\" \"${PODS_ROOT}/Manifest.lock\" > /dev/null\nif [ $? != 0 ] ; then\n    # print error to STDERR\n    echo \"error: The sandbox is not in sync with the Podfile.lock. Run 'pod install' or update your CocoaPods installation.\" >&2\n    exit 1\nfi\n# This output is used by Xcode 'outputs' to avoid re-running this script phase.\necho \"SUCCESS\" > \"${SCRIPT_OUTPUT_FILE_0}\"\n";
			showEnvVarsInLog = 0;
		};
		3CDEB4C3F40B013B2F87057B /* [CP] Embed Pods Frameworks */ = {
			isa = PBXShellScriptBuildPhase;
			buildActionMask = 2147483647;
			files = (
			);
			inputPaths = (
			);
			name = "[CP] Embed Pods Frameworks";
			outputPaths = (
			);
			runOnlyForDeploymentPostprocessing = 0;
			shellPath = /bin/sh;
			shellScript = "\"${SRCROOT}/Pods/Target Support Files/Pods-ShopSyncUITests/Pods-ShopSyncUITests-frameworks.sh\"\n";
			showEnvVarsInLog = 0;
		};
		77F9B7EC4D51046AC5186255 /* [CP] Embed Pods Frameworks */ = {
			isa = PBXShellScriptBuildPhase;
			buildActionMask = 2147483647;
			files = (
			);
			inputPaths = (
			);
			name = "[CP] Embed Pods Frameworks";
			outputPaths = (
			);
			runOnlyForDeploymentPostprocessing = 0;
			shellPath = /bin/sh;
			shellScript = "\"${SRCROOT}/Pods/Target Support Files/Pods-ShopSyncTests/Pods-ShopSyncTests-frameworks.sh\"\n";
			showEnvVarsInLog = 0;
		};
		792C9C97486929ED50FE48AD /* [CP] Copy Pods Resources */ = {
			isa = PBXShellScriptBuildPhase;
			buildActionMask = 2147483647;
			files = (
			);
			inputPaths = (
			);
			name = "[CP] Copy Pods Resources";
			outputPaths = (
			);
			runOnlyForDeploymentPostprocessing = 0;
			shellPath = /bin/sh;
			shellScript = "\"${SRCROOT}/Pods/Target Support Files/Pods-ShopSync/Pods-ShopSync-resources.sh\"\n";
			showEnvVarsInLog = 0;
		};
		90259265EEFA034F329F8980 /* [CP] Check Pods Manifest.lock */ = {
			isa = PBXShellScriptBuildPhase;
			buildActionMask = 2147483647;
			files = (
			);
			inputPaths = (
				"${PODS_PODFILE_DIR_PATH}/Podfile.lock",
				"${PODS_ROOT}/Manifest.lock",
			);
			name = "[CP] Check Pods Manifest.lock";
			outputPaths = (
				"$(DERIVED_FILE_DIR)/Pods-ShopSync-checkManifestLockResult.txt",
			);
			runOnlyForDeploymentPostprocessing = 0;
			shellPath = /bin/sh;
			shellScript = "diff \"${PODS_PODFILE_DIR_PATH}/Podfile.lock\" \"${PODS_ROOT}/Manifest.lock\" > /dev/null\nif [ $? != 0 ] ; then\n    # print error to STDERR\n    echo \"error: The sandbox is not in sync with the Podfile.lock. Run 'pod install' or update your CocoaPods installation.\" >&2\n    exit 1\nfi\n# This output is used by Xcode 'outputs' to avoid re-running this script phase.\necho \"SUCCESS\" > \"${SCRIPT_OUTPUT_FILE_0}\"\n";
			showEnvVarsInLog = 0;
		};
		A5E5A6138E1C47576DD8AA4A /* [CP] Embed Pods Frameworks */ = {
			isa = PBXShellScriptBuildPhase;
			buildActionMask = 2147483647;
			files = (
			);
			inputPaths = (
				"${SRCROOT}/Pods/Target Support Files/Pods-ShopSync/Pods-ShopSync-frameworks.sh",
				"${BUILT_PRODUCTS_DIR}/GTMSessionFetcher/GTMSessionFetcher.framework",
				"${BUILT_PRODUCTS_DIR}/GoogleToolboxForMac/GoogleToolboxForMac.framework",
				"${BUILT_PRODUCTS_DIR}/MBProgressHUD/MBProgressHUD.framework",
				"${BUILT_PRODUCTS_DIR}/SDWebImage/SDWebImage.framework",
				"${BUILT_PRODUCTS_DIR}/leveldb-library/leveldb.framework",
				"${BUILT_PRODUCTS_DIR}/nanopb/nanopb.framework",
			);
			name = "[CP] Embed Pods Frameworks";
			outputPaths = (
				"${TARGET_BUILD_DIR}/${FRAMEWORKS_FOLDER_PATH}/GTMSessionFetcher.framework",
				"${TARGET_BUILD_DIR}/${FRAMEWORKS_FOLDER_PATH}/GoogleToolboxForMac.framework",
				"${TARGET_BUILD_DIR}/${FRAMEWORKS_FOLDER_PATH}/MBProgressHUD.framework",
				"${TARGET_BUILD_DIR}/${FRAMEWORKS_FOLDER_PATH}/SDWebImage.framework",
				"${TARGET_BUILD_DIR}/${FRAMEWORKS_FOLDER_PATH}/leveldb.framework",
				"${TARGET_BUILD_DIR}/${FRAMEWORKS_FOLDER_PATH}/nanopb.framework",
			);
			runOnlyForDeploymentPostprocessing = 0;
			shellPath = /bin/sh;
			shellScript = "\"${SRCROOT}/Pods/Target Support Files/Pods-ShopSync/Pods-ShopSync-frameworks.sh\"\n";
			showEnvVarsInLog = 0;
		};
		BBBCB57CCE592106915095D0 /* [CP] Copy Pods Resources */ = {
			isa = PBXShellScriptBuildPhase;
			buildActionMask = 2147483647;
			files = (
			);
			inputPaths = (
			);
			name = "[CP] Copy Pods Resources";
			outputPaths = (
			);
			runOnlyForDeploymentPostprocessing = 0;
			shellPath = /bin/sh;
			shellScript = "\"${SRCROOT}/Pods/Target Support Files/Pods-ShopSyncUITests/Pods-ShopSyncUITests-resources.sh\"\n";
			showEnvVarsInLog = 0;
		};
		D4B8E800C45117273212F258 /* [CP] Copy Pods Resources */ = {
			isa = PBXShellScriptBuildPhase;
			buildActionMask = 2147483647;
			files = (
			);
			inputPaths = (
			);
			name = "[CP] Copy Pods Resources";
			outputPaths = (
			);
			runOnlyForDeploymentPostprocessing = 0;
			shellPath = /bin/sh;
			shellScript = "\"${SRCROOT}/Pods/Target Support Files/Pods-ShopSyncTests/Pods-ShopSyncTests-resources.sh\"\n";
			showEnvVarsInLog = 0;
		};
		E9AE429402BBF4C4219481AA /* [CP] Check Pods Manifest.lock */ = {
			isa = PBXShellScriptBuildPhase;
			buildActionMask = 2147483647;
			files = (
			);
			inputPaths = (
				"${PODS_PODFILE_DIR_PATH}/Podfile.lock",
				"${PODS_ROOT}/Manifest.lock",
			);
			name = "[CP] Check Pods Manifest.lock";
			outputPaths = (
				"$(DERIVED_FILE_DIR)/Pods-ShopSyncUITests-checkManifestLockResult.txt",
			);
			runOnlyForDeploymentPostprocessing = 0;
			shellPath = /bin/sh;
			shellScript = "diff \"${PODS_PODFILE_DIR_PATH}/Podfile.lock\" \"${PODS_ROOT}/Manifest.lock\" > /dev/null\nif [ $? != 0 ] ; then\n    # print error to STDERR\n    echo \"error: The sandbox is not in sync with the Podfile.lock. Run 'pod install' or update your CocoaPods installation.\" >&2\n    exit 1\nfi\n# This output is used by Xcode 'outputs' to avoid re-running this script phase.\necho \"SUCCESS\" > \"${SCRIPT_OUTPUT_FILE_0}\"\n";
			showEnvVarsInLog = 0;
		};
/* End PBXShellScriptBuildPhase section */

/* Begin PBXSourcesBuildPhase section */
		905EB8EE208416F3007E1B0F /* Sources */ = {
			isa = PBXSourcesBuildPhase;
			buildActionMask = 2147483647;
			files = (
				905EB9302084747D007E1B0F /* ListTableViewCell.swift in Sources */,
				905EB8F6208416F3007E1B0F /* AppDelegate.swift in Sources */,
				90AA3DAA2094567D00B324B1 /* CurrentUser.swift in Sources */,
				905EB9412087EDC7007E1B0F /* NewItemViewController.swift in Sources */,
				905EB92E2084746B007E1B0F /* GroupsTableViewCell.swift in Sources */,
				9040346C20984AFC00EC5839 /* List.swift in Sources */,
				905EB9372087110F007E1B0F /* ListTableViewController.swift in Sources */,
				905EB93920871124007E1B0F /* GroupsTableViewController.swift in Sources */,
				905EB93B20871F6C007E1B0F /* NewGroupViewController.swift in Sources */,
				905EB92720841753007E1B0F /* SignUpViewController.swift in Sources */,
				905EB92520841743007E1B0F /* LogInViewController.swift in Sources */,
				905EB93D2087B606007E1B0F /* Globals.swift in Sources */,
			);
			runOnlyForDeploymentPostprocessing = 0;
		};
		905EB902208416F3007E1B0F /* Sources */ = {
			isa = PBXSourcesBuildPhase;
			buildActionMask = 2147483647;
			files = (
				905EB90B208416F3007E1B0F /* ShopSyncTests.swift in Sources */,
			);
			runOnlyForDeploymentPostprocessing = 0;
		};
		905EB90D208416F3007E1B0F /* Sources */ = {
			isa = PBXSourcesBuildPhase;
			buildActionMask = 2147483647;
			files = (
				905EB916208416F3007E1B0F /* ShopSyncUITests.swift in Sources */,
			);
			runOnlyForDeploymentPostprocessing = 0;
		};
/* End PBXSourcesBuildPhase section */

/* Begin PBXTargetDependency section */
		905EB908208416F3007E1B0F /* PBXTargetDependency */ = {
			isa = PBXTargetDependency;
			target = 905EB8F1208416F3007E1B0F /* ShopSync */;
			targetProxy = 905EB907208416F3007E1B0F /* PBXContainerItemProxy */;
		};
		905EB913208416F3007E1B0F /* PBXTargetDependency */ = {
			isa = PBXTargetDependency;
			target = 905EB8F1208416F3007E1B0F /* ShopSync */;
			targetProxy = 905EB912208416F3007E1B0F /* PBXContainerItemProxy */;
		};
/* End PBXTargetDependency section */

/* Begin PBXVariantGroup section */
		905EB8F9208416F3007E1B0F /* Main.storyboard */ = {
			isa = PBXVariantGroup;
			children = (
				905EB8FA208416F3007E1B0F /* Base */,
			);
			name = Main.storyboard;
			sourceTree = "<group>";
		};
/* End PBXVariantGroup section */

/* Begin XCBuildConfiguration section */
		905EB918208416F3007E1B0F /* Debug */ = {
			isa = XCBuildConfiguration;
			buildSettings = {
				ALWAYS_SEARCH_USER_PATHS = NO;
				CLANG_ANALYZER_NONNULL = YES;
				CLANG_ANALYZER_NUMBER_OBJECT_CONVERSION = YES_AGGRESSIVE;
				CLANG_CXX_LANGUAGE_STANDARD = "gnu++14";
				CLANG_CXX_LIBRARY = "libc++";
				CLANG_ENABLE_MODULES = YES;
				CLANG_ENABLE_OBJC_ARC = YES;
				CLANG_WARN_BLOCK_CAPTURE_AUTORELEASING = YES;
				CLANG_WARN_BOOL_CONVERSION = YES;
				CLANG_WARN_COMMA = YES;
				CLANG_WARN_CONSTANT_CONVERSION = YES;
				CLANG_WARN_DIRECT_OBJC_ISA_USAGE = YES_ERROR;
				CLANG_WARN_DOCUMENTATION_COMMENTS = YES;
				CLANG_WARN_EMPTY_BODY = YES;
				CLANG_WARN_ENUM_CONVERSION = YES;
				CLANG_WARN_INFINITE_RECURSION = YES;
				CLANG_WARN_INT_CONVERSION = YES;
				CLANG_WARN_NON_LITERAL_NULL_CONVERSION = YES;
				CLANG_WARN_OBJC_LITERAL_CONVERSION = YES;
				CLANG_WARN_OBJC_ROOT_CLASS = YES_ERROR;
				CLANG_WARN_RANGE_LOOP_ANALYSIS = YES;
				CLANG_WARN_STRICT_PROTOTYPES = YES;
				CLANG_WARN_SUSPICIOUS_MOVE = YES;
				CLANG_WARN_UNGUARDED_AVAILABILITY = YES_AGGRESSIVE;
				CLANG_WARN_UNREACHABLE_CODE = YES;
				CLANG_WARN__DUPLICATE_METHOD_MATCH = YES;
				CODE_SIGN_IDENTITY = "iPhone Developer";
				COPY_PHASE_STRIP = NO;
				DEBUG_INFORMATION_FORMAT = dwarf;
				ENABLE_STRICT_OBJC_MSGSEND = YES;
				ENABLE_TESTABILITY = YES;
				GCC_C_LANGUAGE_STANDARD = gnu11;
				GCC_DYNAMIC_NO_PIC = NO;
				GCC_NO_COMMON_BLOCKS = YES;
				GCC_OPTIMIZATION_LEVEL = 0;
				GCC_PREPROCESSOR_DEFINITIONS = (
					"DEBUG=1",
					"$(inherited)",
				);
				GCC_WARN_64_TO_32_BIT_CONVERSION = YES;
				GCC_WARN_ABOUT_RETURN_TYPE = YES_ERROR;
				GCC_WARN_UNDECLARED_SELECTOR = YES;
				GCC_WARN_UNINITIALIZED_AUTOS = YES_AGGRESSIVE;
				GCC_WARN_UNUSED_FUNCTION = YES;
				GCC_WARN_UNUSED_VARIABLE = YES;
				IPHONEOS_DEPLOYMENT_TARGET = 11.2;
				MTL_ENABLE_DEBUG_INFO = YES;
				ONLY_ACTIVE_ARCH = YES;
				SDKROOT = iphoneos;
				SWIFT_ACTIVE_COMPILATION_CONDITIONS = DEBUG;
				SWIFT_OPTIMIZATION_LEVEL = "-Onone";
			};
			name = Debug;
		};
		905EB919208416F3007E1B0F /* Release */ = {
			isa = XCBuildConfiguration;
			buildSettings = {
				ALWAYS_SEARCH_USER_PATHS = NO;
				CLANG_ANALYZER_NONNULL = YES;
				CLANG_ANALYZER_NUMBER_OBJECT_CONVERSION = YES_AGGRESSIVE;
				CLANG_CXX_LANGUAGE_STANDARD = "gnu++14";
				CLANG_CXX_LIBRARY = "libc++";
				CLANG_ENABLE_MODULES = YES;
				CLANG_ENABLE_OBJC_ARC = YES;
				CLANG_WARN_BLOCK_CAPTURE_AUTORELEASING = YES;
				CLANG_WARN_BOOL_CONVERSION = YES;
				CLANG_WARN_COMMA = YES;
				CLANG_WARN_CONSTANT_CONVERSION = YES;
				CLANG_WARN_DIRECT_OBJC_ISA_USAGE = YES_ERROR;
				CLANG_WARN_DOCUMENTATION_COMMENTS = YES;
				CLANG_WARN_EMPTY_BODY = YES;
				CLANG_WARN_ENUM_CONVERSION = YES;
				CLANG_WARN_INFINITE_RECURSION = YES;
				CLANG_WARN_INT_CONVERSION = YES;
				CLANG_WARN_NON_LITERAL_NULL_CONVERSION = YES;
				CLANG_WARN_OBJC_LITERAL_CONVERSION = YES;
				CLANG_WARN_OBJC_ROOT_CLASS = YES_ERROR;
				CLANG_WARN_RANGE_LOOP_ANALYSIS = YES;
				CLANG_WARN_STRICT_PROTOTYPES = YES;
				CLANG_WARN_SUSPICIOUS_MOVE = YES;
				CLANG_WARN_UNGUARDED_AVAILABILITY = YES_AGGRESSIVE;
				CLANG_WARN_UNREACHABLE_CODE = YES;
				CLANG_WARN__DUPLICATE_METHOD_MATCH = YES;
				CODE_SIGN_IDENTITY = "iPhone Developer";
				COPY_PHASE_STRIP = NO;
				DEBUG_INFORMATION_FORMAT = "dwarf-with-dsym";
				ENABLE_NS_ASSERTIONS = NO;
				ENABLE_STRICT_OBJC_MSGSEND = YES;
				GCC_C_LANGUAGE_STANDARD = gnu11;
				GCC_NO_COMMON_BLOCKS = YES;
				GCC_WARN_64_TO_32_BIT_CONVERSION = YES;
				GCC_WARN_ABOUT_RETURN_TYPE = YES_ERROR;
				GCC_WARN_UNDECLARED_SELECTOR = YES;
				GCC_WARN_UNINITIALIZED_AUTOS = YES_AGGRESSIVE;
				GCC_WARN_UNUSED_FUNCTION = YES;
				GCC_WARN_UNUSED_VARIABLE = YES;
				IPHONEOS_DEPLOYMENT_TARGET = 11.2;
				MTL_ENABLE_DEBUG_INFO = NO;
				SDKROOT = iphoneos;
				SWIFT_OPTIMIZATION_LEVEL = "-Owholemodule";
				VALIDATE_PRODUCT = YES;
			};
			name = Release;
		};
		905EB91B208416F3007E1B0F /* Debug */ = {
			isa = XCBuildConfiguration;
			baseConfigurationReference = B530DED77E5D733B9E61FC64 /* Pods-ShopSync.debug.xcconfig */;
			buildSettings = {
				ASSETCATALOG_COMPILER_APPICON_NAME = AppIcon;
				CODE_SIGN_STYLE = Automatic;
				DEVELOPMENT_TEAM = K89JTJF4Z2;
				INFOPLIST_FILE = ShopSync/Info.plist;
				LD_RUNPATH_SEARCH_PATHS = "$(inherited) @executable_path/Frameworks";
				PRODUCT_BUNDLE_IDENTIFIER = com.rachelbhadra.ShopSync;
				PRODUCT_NAME = "$(TARGET_NAME)";
				SWIFT_VERSION = 4.0;
				TARGETED_DEVICE_FAMILY = "1,2";
			};
			name = Debug;
		};
		905EB91C208416F3007E1B0F /* Release */ = {
			isa = XCBuildConfiguration;
			baseConfigurationReference = FC8EC1A8528FB6798551F80B /* Pods-ShopSync.release.xcconfig */;
			buildSettings = {
				ASSETCATALOG_COMPILER_APPICON_NAME = AppIcon;
				CODE_SIGN_STYLE = Automatic;
				DEVELOPMENT_TEAM = K89JTJF4Z2;
				INFOPLIST_FILE = ShopSync/Info.plist;
				LD_RUNPATH_SEARCH_PATHS = "$(inherited) @executable_path/Frameworks";
				PRODUCT_BUNDLE_IDENTIFIER = com.rachelbhadra.ShopSync;
				PRODUCT_NAME = "$(TARGET_NAME)";
				SWIFT_VERSION = 4.0;
				TARGETED_DEVICE_FAMILY = "1,2";
			};
			name = Release;
		};
		905EB91E208416F3007E1B0F /* Debug */ = {
			isa = XCBuildConfiguration;
			baseConfigurationReference = 825C1D84A36B73261961B08B /* Pods-ShopSyncTests.debug.xcconfig */;
			buildSettings = {
				ALWAYS_EMBED_SWIFT_STANDARD_LIBRARIES = YES;
				BUNDLE_LOADER = "$(TEST_HOST)";
				CODE_SIGN_STYLE = Automatic;
				DEVELOPMENT_TEAM = K89JTJF4Z2;
				INFOPLIST_FILE = ShopSyncTests/Info.plist;
				LD_RUNPATH_SEARCH_PATHS = "$(inherited) @executable_path/Frameworks @loader_path/Frameworks";
				PRODUCT_BUNDLE_IDENTIFIER = com.rachelbhadra.ShopSyncTests;
				PRODUCT_NAME = "$(TARGET_NAME)";
				SWIFT_VERSION = 4.0;
				TARGETED_DEVICE_FAMILY = "1,2";
				TEST_HOST = "$(BUILT_PRODUCTS_DIR)/ShopSync.app/ShopSync";
			};
			name = Debug;
		};
		905EB91F208416F3007E1B0F /* Release */ = {
			isa = XCBuildConfiguration;
			baseConfigurationReference = AF918125207AF7B0031CD089 /* Pods-ShopSyncTests.release.xcconfig */;
			buildSettings = {
				ALWAYS_EMBED_SWIFT_STANDARD_LIBRARIES = YES;
				BUNDLE_LOADER = "$(TEST_HOST)";
				CODE_SIGN_STYLE = Automatic;
				DEVELOPMENT_TEAM = K89JTJF4Z2;
				INFOPLIST_FILE = ShopSyncTests/Info.plist;
				LD_RUNPATH_SEARCH_PATHS = "$(inherited) @executable_path/Frameworks @loader_path/Frameworks";
				PRODUCT_BUNDLE_IDENTIFIER = com.rachelbhadra.ShopSyncTests;
				PRODUCT_NAME = "$(TARGET_NAME)";
				SWIFT_VERSION = 4.0;
				TARGETED_DEVICE_FAMILY = "1,2";
				TEST_HOST = "$(BUILT_PRODUCTS_DIR)/ShopSync.app/ShopSync";
			};
			name = Release;
		};
		905EB921208416F3007E1B0F /* Debug */ = {
			isa = XCBuildConfiguration;
			baseConfigurationReference = 432AF61BC6AE50CBB88AC0A6 /* Pods-ShopSyncUITests.debug.xcconfig */;
			buildSettings = {
				ALWAYS_EMBED_SWIFT_STANDARD_LIBRARIES = YES;
				CODE_SIGN_STYLE = Automatic;
				DEVELOPMENT_TEAM = K89JTJF4Z2;
				INFOPLIST_FILE = ShopSyncUITests/Info.plist;
				LD_RUNPATH_SEARCH_PATHS = "$(inherited) @executable_path/Frameworks @loader_path/Frameworks";
				PRODUCT_BUNDLE_IDENTIFIER = com.rachelbhadra.ShopSyncUITests;
				PRODUCT_NAME = "$(TARGET_NAME)";
				SWIFT_VERSION = 4.0;
				TARGETED_DEVICE_FAMILY = "1,2";
				TEST_TARGET_NAME = ShopSync;
			};
			name = Debug;
		};
		905EB922208416F3007E1B0F /* Release */ = {
			isa = XCBuildConfiguration;
			baseConfigurationReference = 7381A0EDA154B5BAFE7BF48E /* Pods-ShopSyncUITests.release.xcconfig */;
			buildSettings = {
				ALWAYS_EMBED_SWIFT_STANDARD_LIBRARIES = YES;
				CODE_SIGN_STYLE = Automatic;
				DEVELOPMENT_TEAM = K89JTJF4Z2;
				INFOPLIST_FILE = ShopSyncUITests/Info.plist;
				LD_RUNPATH_SEARCH_PATHS = "$(inherited) @executable_path/Frameworks @loader_path/Frameworks";
				PRODUCT_BUNDLE_IDENTIFIER = com.rachelbhadra.ShopSyncUITests;
				PRODUCT_NAME = "$(TARGET_NAME)";
				SWIFT_VERSION = 4.0;
				TARGETED_DEVICE_FAMILY = "1,2";
				TEST_TARGET_NAME = ShopSync;
			};
			name = Release;
		};
/* End XCBuildConfiguration section */

/* Begin XCConfigurationList section */
		905EB8ED208416F3007E1B0F /* Build configuration list for PBXProject "ShopSync" */ = {
			isa = XCConfigurationList;
			buildConfigurations = (
				905EB918208416F3007E1B0F /* Debug */,
				905EB919208416F3007E1B0F /* Release */,
			);
			defaultConfigurationIsVisible = 0;
			defaultConfigurationName = Release;
		};
		905EB91A208416F3007E1B0F /* Build configuration list for PBXNativeTarget "ShopSync" */ = {
			isa = XCConfigurationList;
			buildConfigurations = (
				905EB91B208416F3007E1B0F /* Debug */,
				905EB91C208416F3007E1B0F /* Release */,
			);
			defaultConfigurationIsVisible = 0;
			defaultConfigurationName = Release;
		};
		905EB91D208416F3007E1B0F /* Build configuration list for PBXNativeTarget "ShopSyncTests" */ = {
			isa = XCConfigurationList;
			buildConfigurations = (
				905EB91E208416F3007E1B0F /* Debug */,
				905EB91F208416F3007E1B0F /* Release */,
			);
			defaultConfigurationIsVisible = 0;
			defaultConfigurationName = Release;
		};
		905EB920208416F3007E1B0F /* Build configuration list for PBXNativeTarget "ShopSyncUITests" */ = {
			isa = XCConfigurationList;
			buildConfigurations = (
				905EB921208416F3007E1B0F /* Debug */,
				905EB922208416F3007E1B0F /* Release */,
			);
			defaultConfigurationIsVisible = 0;
			defaultConfigurationName = Release;
		};
/* End XCConfigurationList section */
	};
	rootObject = 905EB8EA208416F3007E1B0F /* Project object */;
}
